
Microsoft Visual Studio Solution File, Format Version 12.00
# Visual Studio Version 17
VisualStudioVersion = 17.14.36908.2 d17.14
MinimumVisualStudioVersion = 10.0.40219.1
Project("{FAE04EC0-301F-11D3-BF4B-00C04F79EFBC}") = "Grocery_Sort", "Grocery_Sort\Grocery_Sort.csproj", "{0C937B27-E4E1-4063-8937-06752DB9F11B}"
EndProject
Global
	GlobalSection(SolutionConfigurationPlatforms) = preSolution
		Debug|Any CPU = Debug|Any CPU
		Release|Any CPU = Release|Any CPU
	EndGlobalSection
	GlobalSection(ProjectConfigurationPlatforms) = postSolution
		{0C937B27-E4E1-4063-8937-06752DB9F11B}.Debug|Any CPU.ActiveCfg = Debug|Any CPU
		{0C937B27-E4E1-4063-8937-06752DB9F11B}.Debug|Any CPU.Build.0 = Debug|Any CPU
		{0C937B27-E4E1-4063-8937-06752DB9F11B}.Release|Any CPU.ActiveCfg = Release|Any CPU
		{0C937B27-E4E1-4063-8937-06752DB9F11B}.Release|Any CPU.Build.0 = Release|Any CPU
	EndGlobalSection
	GlobalSection(SolutionProperties) = preSolution
		HideSolutionNode = FALSE
	EndGlobalSection
	GlobalSection(ExtensibilityGlobals) = postSolution
		SolutionGuid = {E07A4EC0-CEE0-45C8-B9F4-7439638C171E}
	EndGlobalSection
EndGlobal
